Microsoft Visual Studio Solution File, Format Version 12.00
# Visual Studio Version 17
VisualStudioVersion = 17.5.2.0
MinimumVisualStudioVersion = 10.0.40219.1
Project("{2150E333-8FDC-42A3-9474-1A3956D46DE8}") = "dotnet", "dotnet", "{71E6E750-85FD-B5BC-4321-E01377EC6231}"
EndProject
Project("{FAE04EC0-301F-11D3-BF4B-00C04F79EFBC}") = "Spark.McpClient.MinApi", "dotnet\Spark.McpClient.MinApi\Spark.McpClient.MinApi.csproj", "{6CF4A33D-EC88-5982-BB84-C7F1461AB619}"
EndProject
Project("{FAE04EC0-301F-11D3-BF4B-00C04F79EFBC}") = "Spark.McpClient.WithDI", "dotnet\Spark.McpClient.WithDI\Spark.McpClient.WithDI.csproj", "{B872486A-69FE-91FE-1EE1-2486D6B0D771}"
EndProject
Project("{FAE04EC0-301F-11D3-BF4B-00C04F79EFBC}") = "Spark.Echo", "dotnet\Spark.Echo\Spark.Echo.csproj", "{F44292B9-FA60-62E6-8AC5-F02B5138F266}"
EndProject
Project("{FAE04EC0-301F-11D3-BF4B-00C04F79EFBC}") = "Spark.McpClient.WithExtAI", "dotnet\Spark.McpClient.WithExtAI\Spark.McpClient.WithExtAI.csproj", "{2056CE17-1AF3-1461-B13C-7EA24EA561D1}"
EndProject
Global
	GlobalSection(SolutionConfigurationPlatforms) = preSolution
		Debug|Any CPU = Debug|Any CPU
		Release|Any CPU = Release|Any CPU
	EndGlobalSection
	GlobalSection(ProjectConfigurationPlatforms) = postSolution
		{6CF4A33D-EC88-5982-BB84-C7F1461AB619}.Debug|Any CPU.ActiveCfg = Debug|Any CPU
		{6CF4A33D-EC88-5982-BB84-C7F1461AB619}.Debug|Any CPU.Build.0 = Debug|Any CPU
		{6CF4A33D-EC88-5982-BB84-C7F1461AB619}.Release|Any CPU.ActiveCfg = Release|Any CPU
		{6CF4A33D-EC88-5982-BB84-C7F1461AB619}.Release|Any CPU.Build.0 = Release|Any CPU
		{B872486A-69FE-91FE-1EE1-2486D6B0D771}.Debug|Any CPU.ActiveCfg = Debug|Any CPU
		{B872486A-69FE-91FE-1EE1-2486D6B0D771}.Debug|Any CPU.Build.0 = Debug|Any CPU
		{B872486A-69FE-91FE-1EE1-2486D6B0D771}.Release|Any CPU.ActiveCfg = Release|Any CPU
		{B872486A-69FE-91FE-1EE1-2486D6B0D771}.Release|Any CPU.Build.0 = Release|Any CPU
		{F44292B9-FA60-62E6-8AC5-F02B5138F266}.Debug|Any CPU.ActiveCfg = Debug|Any CPU
		{F44292B9-FA60-62E6-8AC5-F02B5138F266}.Debug|Any CPU.Build.0 = Debug|Any CPU
		{F44292B9-FA60-62E6-8AC5-F02B5138F266}.Release|Any CPU.ActiveCfg = Release|Any CPU
		{F44292B9-FA60-62E6-8AC5-F02B5138F266}.Release|Any CPU.Build.0 = Release|Any CPU
		{2056CE17-1AF3-1461-B13C-7EA24EA561D1}.Debug|Any CPU.ActiveCfg = Debug|Any CPU
		{2056CE17-1AF3-1461-B13C-7EA24EA561D1}.Debug|Any CPU.Build.0 = Debug|Any CPU
		{2056CE17-1AF3-1461-B13C-7EA24EA561D1}.Release|Any CPU.ActiveCfg = Release|Any CPU
		{2056CE17-1AF3-1461-B13C-7EA24EA561D1}.Release|Any CPU.Build.0 = Release|Any CPU
	EndGlobalSection
	GlobalSection(SolutionProperties) = preSolution
		HideSolutionNode = FALSE
	EndGlobalSection
	GlobalSection(NestedProjects) = preSolution
		{6CF4A33D-EC88-5982-BB84-C7F1461AB619} = {71E6E750-85FD-B5BC-4321-E01377EC6231}
		{B872486A-69FE-91FE-1EE1-2486D6B0D771} = {71E6E750-85FD-B5BC-4321-E01377EC6231}
		{F44292B9-FA60-62E6-8AC5-F02B5138F266} = {71E6E750-85FD-B5BC-4321-E01377EC6231}
		{2056CE17-1AF3-1461-B13C-7EA24EA561D1} = {71E6E750-85FD-B5BC-4321-E01377EC6231}
	EndGlobalSection
	GlobalSection(ExtensibilityGlobals) = postSolution
		SolutionGuid = {4BD99719-D44A-41A5-AF16-F2691917DAFF}
	EndGlobalSection
EndGlobal
