<Solution>
  <Folder Name="/Solution Items/">
    <File Path="nuget.config" />
  </Folder>
  <Project Path="AdvancedHosting/AdvancedHosting.csproj" Id="8fd5f775-75df-4d16-b8a1-981546063a40" />
  <Project Path="BF.AF/BF.AF.csproj" Id="5c8b3a87-7059-4670-9d77-d2bd92cd50d0" />
  <Project Path="BF.Echo/BF.Echo.csproj" Id="c90f90ad-ac30-4c5e-bdf0-dbe78db041d3" />
  <Project Path="BF.WithAI/BF.WithAI.csproj" Id="f4f30ca1-368b-4096-801f-2009719dba13" />
  <Project Path="BFCompatDemo/BFCompatDemo.csproj" Id="0669d387-a637-44bd-9bfc-cff10b2f7bc1" />
  <Project Path="BFSSO/BFSSO.csproj" Id="3eb0cd3f-3817-44ab-a322-07ed603fe80f" />
  <Project Path="CardsDemo/CardsDemo.csproj" Id="5a4302dd-184d-41e0-85f7-4406cbbd3d34" />
  <Project Path="CoreBot/CoreBot.csproj" />
  <Project Path="Echo/Echo.csproj" />
  <Project Path="NotificationServer/NotificationServer.csproj" Id="40325bc7-75b7-4a90-b28b-c8a9f1a3beb6" />
  <Project Path="Proactive/Proactive.csproj" Id="47a25b38-e894-45e8-a7df-3e6014416183" />
  <Project Path="Spark.McpClient.MinApi/Spark.McpClient.MinApi.csproj" Id="0ac8eacc-be2c-4122-af17-f85aeb5c8270" />
  <Project Path="Spark.McpClient.WithDI/Spark.McpClient.WithDI.csproj" />
  <Project Path="Spark.McpClient.WithExtAI/Spark.McpClient.WithExtAI.csproj" />
  <Project Path="TeamsBotStarter/TeamsBotStarter.csproj" Id="3533fc63-994b-4a03-8912-d93b3008ac02" />
</Solution>
